// !$*UTF8*$!
{
	archiveVersion = 1;
	classes = {
	};
	objectVersion = 77;
	objects = {

/* Begin PBXBuildFile section */
		F2F8DB61A6E248D0FCD77382 /* BackendOpenCodeService.swift in Sources */ = {isa = PBXBuildFile; fileRef = F178B05B2AE0D773B0C59957 /* BackendOpenCodeService.swift */; };
		A71B00000000000000000101 /* LibraryModel.swift in Sources */ = {isa = PBXBuildFile; fileRef = A71B00000000000000000102 /* LibraryModel.swift */; };
		A71B00000000000000000001 /* DashboardLibraryView.swift in Sources */ = {isa = PBXBuildFile; fileRef = A71B00000000000000000002 /* DashboardLibraryView.swift */; };
		0890236A7DEEC4A26AB512AB /* DictationModel.swift in Sources */ = {isa = PBXBuildFile; fileRef = 7E4AE75EDB3C1EE9E7043F59 /* DictationModel.swift */; };
		E95F4392C674DA52368A05A6 /* DictationAudioCapture.swift in Sources */ = {isa = PBXBuildFile; fileRef = 851DA88EE3B3AF907B5AB390 /* DictationAudioCapture.swift */; };
		B93AB31EDDA3C1A9D35A791B /* DictationEditor.swift in Sources */ = {isa = PBXBuildFile; fileRef = FCBB65211C7015A6B8158E80 /* DictationEditor.swift */; };
		C0DBB095B3E36A01B19862F1 /* LocalModelServerConnections.swift in Sources */ = {isa = PBXBuildFile; fileRef = BA61B1265D88D38A1D708C78 /* LocalModelServerConnections.swift */; };
		5C2F6DF3B2A02B37BECD38D0 /* SettingsConnectionsView.swift in Sources */ = {isa = PBXBuildFile; fileRef = 4D25E89AA1F9ECDB61C4EDEF /* SettingsConnectionsView.swift */; };
		8BD4FF831500CD09DE10FC28 /* DictationControls.swift in Sources */ = {isa = PBXBuildFile; fileRef = E8A44EB04E09581B6A85026F /* DictationControls.swift */; };
		DA2000000000000000000004 /* SettingsDefaultAgentView.swift in Sources */ = {isa = PBXBuildFile; fileRef = DA2000000000000000000003 /* SettingsDefaultAgentView.swift */; };
		DA2000000000000000000002 /* DefaultAgentSettingsModel.swift in Sources */ = {isa = PBXBuildFile; fileRef = DA2000000000000000000001 /* DefaultAgentSettingsModel.swift */; };
		D472AB9160464F1FAB826C52 /* WorkspaceNoteRecovery.swift in Sources */ = {isa = PBXBuildFile; fileRef = D472AB9160464F1FAB826C51 /* WorkspaceNoteRecovery.swift */; };
		D472AB9160464F1FAB826C42 /* WorkspaceSessionManagement.swift in Sources */ = {isa = PBXBuildFile; fileRef = D472AB9160464F1FAB826C41 /* WorkspaceSessionManagement.swift */; };
		D472AB9160464F1FAB826C32 /* WorkspaceSessionActivity.swift in Sources */ = {isa = PBXBuildFile; fileRef = D472AB9160464F1FAB826C31 /* WorkspaceSessionActivity.swift */; };
		D472AB9160464F1FAB826C22 /* WorkspaceToolControls.swift in Sources */ = {isa = PBXBuildFile; fileRef = D472AB9160464F1FAB826C21 /* WorkspaceToolControls.swift */; };
		D472AB9160464F1FAB826C12 /* ApplicationModel+AgentTools.swift in Sources */ = {isa = PBXBuildFile; fileRef = D472AB9160464F1FAB826C11 /* ApplicationModel+AgentTools.swift */; };
		C06300000000000000000001 /* ApplicationUsageModel.swift in Sources */ = {isa = PBXBuildFile; fileRef = C06300000000000000000002 /* ApplicationUsageModel.swift */; };
		AA1900000000000000000001 /* WovenMatterLifecycleDelegate.swift in Sources */ = {isa = PBXBuildFile; fileRef = AA1900000000000000000002 /* WovenMatterLifecycleDelegate.swift */; };
		0C11E0000000000000000001 /* WovenMatterClient in Frameworks */ = {isa = PBXBuildFile; productRef = 0C11E0000000000000000004 /* WovenMatterClient */; };
		D46000000000000000000002 /* WovenMatterDashboardStore in Frameworks */ = {isa = PBXBuildFile; productRef = D46000000000000000000001 /* WovenMatterDashboardStore */; };
		A11C00000000000000000001 /* Assets.xcassets in Resources */ = {isa = PBXBuildFile; fileRef = A11C00000000000000000002 /* Assets.xcassets */; };
		073565BA0B01598641B11348 /* SettingsView.swift in Sources */ = {isa = PBXBuildFile; fileRef = C49C2130B0B0B01A795C7504 /* SettingsView.swift */; };
		0C1A00000000000000000001 /* OpenClawGatewaySettingsView.swift in Sources */ = {isa = PBXBuildFile; fileRef = 0C1A00000000000000000002 /* OpenClawGatewaySettingsView.swift */; };
		0C1A00000000000000000003 /* OpenClawSessionView.swift in Sources */ = {isa = PBXBuildFile; fileRef = 0C1A00000000000000000004 /* OpenClawSessionView.swift */; };
		5E7A00000000000000000001 /* SettingsComponents.swift in Sources */ = {isa = PBXBuildFile; fileRef = 5E7A00000000000000000002 /* SettingsComponents.swift */; };
		5E7A00000000000000000003 /* SettingsGeneralView.swift in Sources */ = {isa = PBXBuildFile; fileRef = 5E7A00000000000000000004 /* SettingsGeneralView.swift */; };
		5E7A00000000000000000005 /* SettingsOpenClawView.swift in Sources */ = {isa = PBXBuildFile; fileRef = 5E7A00000000000000000006 /* SettingsOpenClawView.swift */; };
		5E7A00000000000000000007 /* SettingsLocalWorkspaceView.swift in Sources */ = {isa = PBXBuildFile; fileRef = 5E7A00000000000000000008 /* SettingsLocalWorkspaceView.swift */; };
		5E7A0000000000000000000B /* SettingsBuzzWorkspacesView.swift in Sources */ = {isa = PBXBuildFile; fileRef = 5E7A0000000000000000000C /* SettingsBuzzWorkspacesView.swift */; };
		5E7A0000000000000000000D /* SettingsUsageView.swift in Sources */ = {isa = PBXBuildFile; fileRef = 5E7A0000000000000000000E /* SettingsUsageView.swift */; };
		49BB9C77C988D34AA1B69E70 /* ApplicationModel.swift in Sources */ = {isa = PBXBuildFile; fileRef = 5A0B27571F91CCF38534BB90 /* ApplicationModel.swift */; };
		5AECF7B494583F056FBE596C /* WovenMatterApp.swift in Sources */ = {isa = PBXBuildFile; fileRef = 624CEC46A7441DADEBBCE79E /* WovenMatterApp.swift */; };
		5E64711B441F5A188A2862AC /* RootView.swift in Sources */ = {isa = PBXBuildFile; fileRef = 489A29D04369BF898400D045 /* RootView.swift */; };
		A11C00000000000000000003 /* WorkspaceView.swift in Sources */ = {isa = PBXBuildFile; fileRef = A11C00000000000000000004 /* WorkspaceView.swift */; };
		DC0A00000000000000000001 /* DashboardComposerTextEditor.swift in Sources */ = {isa = PBXBuildFile; fileRef = DC0A00000000000000000002 /* DashboardComposerTextEditor.swift */; };
		D45100000000000000000001 /* DashboardDesign.swift in Sources */ = {isa = PBXBuildFile; fileRef = D45100000000000000000002 /* DashboardDesign.swift */; };
		D45300000000000000000001 /* DashboardCalendarView.swift in Sources */ = {isa = PBXBuildFile; fileRef = D45300000000000000000002 /* DashboardCalendarView.swift */; };
		D45400000000000000000001 /* DashboardUsageView.swift in Sources */ = {isa = PBXBuildFile; fileRef = D45400000000000000000002 /* DashboardUsageView.swift */; };
		D49000000000000000000001 /* ConversationMarkdown.swift in Sources */ = {isa = PBXBuildFile; fileRef = D49000000000000000000003 /* ConversationMarkdown.swift */; };
		D49100000000000000000001 /* ConversationMarkdownDocument.swift in Sources */ = {isa = PBXBuildFile; fileRef = D49100000000000000000003 /* ConversationMarkdownDocument.swift */; };
		D49300000000000000000001 /* ConversationMessageLayout.swift in Sources */ = {isa = PBXBuildFile; fileRef = D49300000000000000000003 /* ConversationMessageLayout.swift */; };
		D49200000000000000000001 /* ConversationWorkTranscript.swift in Sources */ = {isa = PBXBuildFile; fileRef = D49200000000000000000003 /* ConversationWorkTranscript.swift */; };
		A12000000000000000000005 /* remote-workspace.sh in Resources */ = {isa = PBXBuildFile; fileRef = A12000000000000000000006 /* remote-workspace.sh */; };
		A12000000000000000000007 /* remote in Resources */ = {isa = PBXBuildFile; fileRef = A12000000000000000000008 /* remote */; };
		A12000000000000000000009 /* harnesses in Resources */ = {isa = PBXBuildFile; fileRef = A1200000000000000000000A /* harnesses */; };
		E10000000000000000000001 /* NoteEditor.swift in Sources */ = {isa = PBXBuildFile; fileRef = E10000000000000000000002 /* NoteEditor.swift */; };
		E10100000000000000000001 /* WovenNoteService.swift in Sources */ = {isa = PBXBuildFile; fileRef = E10100000000000000000002 /* WovenNoteService.swift */; };
		F10000000000000000000001 /* AgentDatabases.swift in Sources */ = {isa = PBXBuildFile; fileRef = F10000000000000000000002 /* AgentDatabases.swift */; };
		A13000000000000000000001 /* RemoteWorkspacesModel.swift in Sources */ = {isa = PBXBuildFile; fileRef = A13000000000000000000002 /* RemoteWorkspacesModel.swift */; };
		A13000000000000000000003 /* SettingsRemoteWorkspacesView.swift in Sources */ = {isa = PBXBuildFile; fileRef = A13000000000000000000004 /* SettingsRemoteWorkspacesView.swift */; };
		F10100000000000000000001 /* ArtifactEditor.swift in Sources */ = {isa = PBXBuildFile; fileRef = F10100000000000000000002 /* ArtifactEditor.swift */; };
		F10200000000000000000001 /* DashboardDatabasesView.swift in Sources */ = {isa = PBXBuildFile; fileRef = F10200000000000000000002 /* DashboardDatabasesView.swift */; };
		ADB35226B01C45F520411F2C /* DashboardConversationState.swift in Sources */ = {isa = PBXBuildFile; fileRef = FC6A850ACFC17DE4433439A7 /* DashboardConversationState.swift */; };
		2A71A302AFFA410CB30E65F3 /* DashboardConversationReferencePreview.swift in Sources */ = {isa = PBXBuildFile; fileRef = 87BA82494C4524C032235AAF /* DashboardConversationReferencePreview.swift */; };
		8443106E4E46FD4C315E128F /* DashboardNoteDrafts.swift in Sources */ = {isa = PBXBuildFile; fileRef = 879D531AEA3583A537B8BE1B /* DashboardNoteDrafts.swift */; };
		97B76EB8D620C6E620196AC8 /* DashboardSidebar.swift in Sources */ = {isa = PBXBuildFile; fileRef = 890F3602A18AF2215FAC1D3E /* DashboardSidebar.swift */; };
		E8E4FA74C6587F81C8999942 /* DashboardConversation.swift in Sources */ = {isa = PBXBuildFile; fileRef = B5CEADA1DA4AFBF4EFFC2CDC /* DashboardConversation.swift */; };
		FE8DA980F8CFABCB8AAB3893 /* DashboardComposer.swift in Sources */ = {isa = PBXBuildFile; fileRef = 45C178F10C928BB5DF700830 /* DashboardComposer.swift */; };
		2350EC32F0F50FD3DB4069F3 /* DashboardNotePane.swift in Sources */ = {isa = PBXBuildFile; fileRef = 52C822631EDF91C6FE39C754 /* DashboardNotePane.swift */; };
		BAAE9A1BC06C8AC78E67AA1B /* DashboardOpenClawCron.swift in Sources */ = {isa = PBXBuildFile; fileRef = 3AB89D5EB3D93F04C3A5CB5E /* DashboardOpenClawCron.swift */; };
		923D138C1F54FC887AA90493 /* DashboardSharedViews.swift in Sources */ = {isa = PBXBuildFile; fileRef = 40D1B5DEF1B0023CB8C52B6D /* DashboardSharedViews.swift */; };
		C04200000000000000000001 /* DashboardConversationPopover.swift in Sources */ = {isa = PBXBuildFile; fileRef = C04200000000000000000002 /* DashboardConversationPopover.swift */; };
		4C606D43824083BD3A612FF1 /* OpenCodeModel.swift in Sources */ = {isa = PBXBuildFile; fileRef = 3CE258FB55B3D55A39972D5B /* OpenCodeModel.swift */; };
		E86083BC811D526E0900522B /* OpenCodeSettingsView.swift in Sources */ = {isa = PBXBuildFile; fileRef = 97160C827D94B74AFAB2961A /* OpenCodeSettingsView.swift */; };
		BA480090AAD04BE7A8327211 /* SettingsHermesView.swift in Sources */ = {isa = PBXBuildFile; fileRef = D7A74DFD3BA4438CB7357741 /* SettingsHermesView.swift */; };
		E45100000000000000000001 /* DashboardHermesCron.swift in Sources */ = {isa = PBXBuildFile; fileRef = E45100000000000000000002 /* DashboardHermesCron.swift */; };
		ECBF462874DF484F9FDD5C91 /* DashboardLocalSecretCard.swift in Sources */ = {isa = PBXBuildFile; fileRef = 502EF864DA314DFBB322C973 /* DashboardLocalSecretCard.swift */; };
		8B47C81B917AA853D87FB56A /* OpenCodeInteractionView.swift in Sources */ = {isa = PBXBuildFile; fileRef = 17AF06D69A7DE73E3F94E40A /* OpenCodeInteractionView.swift */; };
		46E81C4CE9571D1C715098CA /* OpenCodeSessionView.swift in Sources */ = {isa = PBXBuildFile; fileRef = 6F6AFCDD4A429E11B0945492 /* OpenCodeSessionView.swift */; };
		A76B232332644C4E91ECB1DC /* WovenMatterToolService.swift in Sources */ = {isa = PBXBuildFile; fileRef = 207BD966B2624D02B49D50FE /* WovenMatterToolService.swift */; };
		03644CA683A4476385B50640 /* wovenmatter in Resources */ = {isa = PBXBuildFile; fileRef = 8BC14CE3FCC24BF3819737CB /* wovenmatter */; };
		5C84BF439B9047118002DD70 /* WorkspaceAgentToolsModel.swift in Sources */ = {isa = PBXBuildFile; fileRef = 20E807F893654CD4A1F24D40 /* WorkspaceAgentToolsModel.swift */; };
		0D0C4EE8248E4F63A87CF7B4 /* WovenMatterRemoteToolBridge.swift in Sources */ = {isa = PBXBuildFile; fileRef = D8761929DCF444669E58A75E /* WovenMatterRemoteToolBridge.swift */; };
		1A239171AFDF4F0AA55642C4 /* wovenmatter-remote.py in Resources */ = {isa = PBXBuildFile; fileRef = 3C0A700E6F1C4902ACCF3585 /* wovenmatter-remote.py */; };
		F19000000000000000000001 /* DashboardNoteDocumentCache.swift in Sources */ = {isa = PBXBuildFile; fileRef = F19000000000000000000002 /* DashboardNoteDocumentCache.swift */; };
		A14000000000000000000001 /* ApplicationModel+SessionSelections.swift in Sources */ = {isa = PBXBuildFile; fileRef = A14000000000000000000002 /* ApplicationModel+SessionSelections.swift */; };
		A13EC094A3DEA4F302868640 /* ApplicationModel+Calendar.swift in Sources */ = {isa = PBXBuildFile; fileRef = B88F25850147F01B163EDF7E /* ApplicationModel+Calendar.swift */; };
		E9A58E7B05C5C2726FA4EE82 /* WorkspaceAgentToolsModel+Calendar.swift in Sources */ = {isa = PBXBuildFile; fileRef = 7C678F616FB535F772A00598 /* WorkspaceAgentToolsModel+Calendar.swift */; };
		F4743517D41721ACB550EE94 /* DashboardCalendarEventSheet.swift in Sources */ = {isa = PBXBuildFile; fileRef = 8AA41DB8B4A4AF41CCC355A1 /* DashboardCalendarEventSheet.swift */; };
		22101ADAF84DA8CEE85A4AB8 /* DashboardCalendarTaskFields.swift in Sources */ = {isa = PBXBuildFile; fileRef = D6DCB1F7BFAF35416DF437EE /* DashboardCalendarTaskFields.swift */; };
		C47EAA780000000000000001 /* DashboardCalendarFormControls.swift in Sources */ = {isa = PBXBuildFile; fileRef = C47EAA780000000000000002 /* DashboardCalendarFormControls.swift */; };
		C47EAA780000000000000003 /* DashboardCalendarColors.swift in Sources */ = {isa = PBXBuildFile; fileRef = C47EAA780000000000000004 /* DashboardCalendarColors.swift */; };
		CE19449AB0FFF6A1E12E4D48 /* BackendApplicationService.swift in Sources */ = {isa = PBXBuildFile; fileRef = E1A63205C0811CE6DBAD590C /* BackendApplicationService.swift */; };
		B6231CA12C591F524524199B /* BackendWorkspaceMutations.swift in Sources */ = {isa = PBXBuildFile; fileRef = 35A700A1F4344E51450A9C54 /* BackendWorkspaceMutations.swift */; };
		A7DC09137B7808A179245C1D /* BackendToolsService.swift in Sources */ = {isa = PBXBuildFile; fileRef = D84D7A0E10812D5E772A19B5 /* BackendToolsService.swift */; };
		B2F8DB61A6E248D0FCD77382 /* BackendRuntimeService.swift in Sources */ = {isa = PBXBuildFile; fileRef = A176B05B2AE0D773B0C59957 /* BackendRuntimeService.swift */; };
		C83FDB61A6E248D0FCD77382 /* BackendCronService.swift in Sources */ = {isa = PBXBuildFile; fileRef = C976B05B2AE0D773B0C59957 /* BackendCronService.swift */; };
		D83FDB61A6E248D0FCD77382 /* BackendWorkspaceServices.swift in Sources */ = {isa = PBXBuildFile; fileRef = D976B05B2AE0D773B0C59957 /* BackendWorkspaceServices.swift */; };
		418BBA8DFF633653485A4615 /* BackendRemoteWorkspaceService.swift in Sources */ = {isa = PBXBuildFile; fileRef = DD21F9E9ECE4C0B47F05B64B /* BackendRemoteWorkspaceService.swift */; };
		4ECDD63540C793A047BDD9CC /* BackendConnectionsService.swift in Sources */ = {isa = PBXBuildFile; fileRef = 296D14690B191EF43D51603C /* BackendConnectionsService.swift */; };
		CBCBD600AB92468988000001 /* BackendSpeechService.swift in Sources */ = {isa = PBXBuildFile; fileRef = CBCBD600AB92468988000002 /* BackendSpeechService.swift */; };
		281F6DF22C3AE19CCE3FC99D /* BackendLibraryService.swift in Sources */ = {isa = PBXBuildFile; fileRef = 753DF034EE6D727B6091929D /* BackendLibraryService.swift */; };
/* End PBXBuildFile section */

/* Begin PBXFileReference section */
		F178B05B2AE0D773B0C59957 /* BackendOpenCodeService.swift */ = {isa = PBXFileReference; lastKnownFileType = sourcecode.swift; path = "BackendOpenCodeService.swift"; sourceTree = "<group>"; };
		A71B00000000000000000102 /* LibraryModel.swift */ = {isa = PBXFileReference; lastKnownFileType = sourcecode.swift; path = LibraryModel.swift; sourceTree = "<group>"; };
		A71B00000000000000000002 /* DashboardLibraryView.swift */ = {isa = PBXFileReference; lastKnownFileType = sourcecode.swift; path = DashboardLibraryView.swift; sourceTree = "<group>"; };
		7E4AE75EDB3C1EE9E7043F59 /* DictationModel.swift */ = {isa = PBXFileReference; lastKnownFileType = sourcecode.swift; path = DictationModel.swift; sourceTree = "<group>"; };
		851DA88EE3B3AF907B5AB390 /* DictationAudioCapture.swift */ = {isa = PBXFileReference; lastKnownFileType = sourcecode.swift; path = DictationAudioCapture.swift; sourceTree = "<group>"; };
		FCBB65211C7015A6B8158E80 /* DictationEditor.swift */ = {isa = PBXFileReference; lastKnownFileType = sourcecode.swift; path = DictationEditor.swift; sourceTree = "<group>"; };
		BA61B1265D88D38A1D708C78 /* LocalModelServerConnections.swift */ = {isa = PBXFileReference; lastKnownFileType = sourcecode.swift; path = LocalModelServerConnections.swift; sourceTree = "<group>"; };
		4D25E89AA1F9ECDB61C4EDEF /* SettingsConnectionsView.swift */ = {isa = PBXFileReference; lastKnownFileType = sourcecode.swift; path = SettingsConnectionsView.swift; sourceTree = "<group>"; };
		E8A44EB04E09581B6A85026F /* DictationControls.swift */ = {isa = PBXFileReference; lastKnownFileType = sourcecode.swift; path = DictationControls.swift; sourceTree = "<group>"; };
		DA2000000000000000000003 /* SettingsDefaultAgentView.swift */ = {isa = PBXFileReference; lastKnownFileType = sourcecode.swift; path = SettingsDefaultAgentView.swift; sourceTree = "<group>"; };
		DA2000000000000000000001 /* DefaultAgentSettingsModel.swift */ = {isa = PBXFileReference; lastKnownFileType = sourcecode.swift; path = DefaultAgentSettingsModel.swift; sourceTree = "<group>"; };
		D472AB9160464F1FAB826C51 /* WorkspaceNoteRecovery.swift */ = {isa = PBXFileReference; lastKnownFileType = sourcecode.swift; path = "WorkspaceNoteRecovery.swift"; sourceTree = "<group>"; };
		D472AB9160464F1FAB826C41 /* WorkspaceSessionManagement.swift */ = {isa = PBXFileReference; lastKnownFileType = sourcecode.swift; path = "WorkspaceSessionManagement.swift"; sourceTree = "<group>"; };
		D472AB9160464F1FAB826C31 /* WorkspaceSessionActivity.swift */ = {isa = PBXFileReference; lastKnownFileType = sourcecode.swift; path = "WorkspaceSessionActivity.swift"; sourceTree = "<group>"; };
		D472AB9160464F1FAB826C21 /* WorkspaceToolControls.swift */ = {isa = PBXFileReference; lastKnownFileType = sourcecode.swift; path = "WorkspaceToolControls.swift"; sourceTree = "<group>"; };
		D472AB9160464F1FAB826C11 /* ApplicationModel+AgentTools.swift */ = {isa = PBXFileReference; lastKnownFileType = sourcecode.swift; path = "ApplicationModel+AgentTools.swift"; sourceTree = "<group>"; };
		C06300000000000000000002 /* ApplicationUsageModel.swift */ = {isa = PBXFileReference; lastKnownFileType = sourcecode.swift; path = ApplicationUsageModel.swift; sourceTree = "<group>"; };
		AA1900000000000000000002 /* WovenMatterLifecycleDelegate.swift */ = {isa = PBXFileReference; lastKnownFileType = sourcecode.swift; path = WovenMatterLifecycleDelegate.swift; sourceTree = "<group>"; };
		A11C00000000000000000002 /* Assets.xcassets */ = {isa = PBXFileReference; lastKnownFileType = folder.assetcatalog; path = Assets.xcassets; sourceTree = "<group>"; };
		A11C00000000000000000004 /* WorkspaceView.swift */ = {isa = PBXFileReference; lastKnownFileType = sourcecode.swift; path = WorkspaceView.swift; sourceTree = "<group>"; };
		DC0A00000000000000000002 /* DashboardComposerTextEditor.swift */ = {isa = PBXFileReference; lastKnownFileType = sourcecode.swift; path = DashboardComposerTextEditor.swift; sourceTree = "<group>"; };
		37C9459F43D4462FD229B6B1 /* WovenMatter.app */ = {isa = PBXFileReference; explicitFileType = wrapper.application; includeInIndex = 0; path = WovenMatter.app; sourceTree = BUILT_PRODUCTS_DIR; };
		489A29D04369BF898400D045 /* RootView.swift */ = {isa = PBXFileReference; lastKnownFileType = sourcecode.swift; path = RootView.swift; sourceTree = "<group>"; };
		5A0B27571F91CCF38534BB90 /* ApplicationModel.swift */ = {isa = PBXFileReference; lastKnownFileType = sourcecode.swift; path = ApplicationModel.swift; sourceTree = "<group>"; };
		624CEC46A7441DADEBBCE79E /* WovenMatterApp.swift */ = {isa = PBXFileReference; lastKnownFileType = sourcecode.swift; path = WovenMatterApp.swift; sourceTree = "<group>"; };
		C49C2130B0B0B01A795C7504 /* SettingsView.swift */ = {isa = PBXFileReference; lastKnownFileType = sourcecode.swift; path = SettingsView.swift; sourceTree = "<group>"; };
		0C1A00000000000000000002 /* OpenClawGatewaySettingsView.swift */ = {isa = PBXFileReference; lastKnownFileType = sourcecode.swift; path = OpenClawGatewaySettingsView.swift; sourceTree = "<group>"; };
		0C1A00000000000000000004 /* OpenClawSessionView.swift */ = {isa = PBXFileReference; lastKnownFileType = sourcecode.swift; path = OpenClawSessionView.swift; sourceTree = "<group>"; };
		5E7A00000000000000000002 /* SettingsComponents.swift */ = {isa = PBXFileReference; lastKnownFileType = sourcecode.swift; path = SettingsComponents.swift; sourceTree = "<group>"; };
		5E7A00000000000000000004 /* SettingsGeneralView.swift */ = {isa = PBXFileReference; lastKnownFileType = sourcecode.swift; path = SettingsGeneralView.swift; sourceTree = "<group>"; };
		5E7A00000000000000000006 /* SettingsOpenClawView.swift */ = {isa = PBXFileReference; lastKnownFileType = sourcecode.swift; path = SettingsOpenClawView.swift; sourceTree = "<group>"; };
		5E7A00000000000000000008 /* SettingsLocalWorkspaceView.swift */ = {isa = PBXFileReference; lastKnownFileType = sourcecode.swift; path = SettingsLocalWorkspaceView.swift; sourceTree = "<group>"; };
		5E7A0000000000000000000C /* SettingsBuzzWorkspacesView.swift */ = {isa = PBXFileReference; lastKnownFileType = sourcecode.swift; path = SettingsBuzzWorkspacesView.swift; sourceTree = "<group>"; };
		5E7A0000000000000000000E /* SettingsUsageView.swift */ = {isa = PBXFileReference; lastKnownFileType = sourcecode.swift; path = SettingsUsageView.swift; sourceTree = "<group>"; };
		DBB4B07F8994DA5A755EAF99 /* wovenmatter-macos */ = {isa = PBXFileReference; lastKnownFileType = folder; name = "wovenmatter-macos"; path = .; sourceTree = SOURCE_ROOT; };
		D45100000000000000000002 /* DashboardDesign.swift */ = {isa = PBXFileReference; lastKnownFileType = sourcecode.swift; path = DashboardDesign.swift; sourceTree = "<group>"; };
		D45300000000000000000002 /* DashboardCalendarView.swift */ = {isa = PBXFileReference; lastKnownFileType = sourcecode.swift; path = DashboardCalendarView.swift; sourceTree = "<group>"; };
		D45400000000000000000002 /* DashboardUsageView.swift */ = {isa = PBXFileReference; lastKnownFileType = sourcecode.swift; path = DashboardUsageView.swift; sourceTree = "<group>"; };
		D49000000000000000000003 /* ConversationMarkdown.swift */ = {isa = PBXFileReference; lastKnownFileType = sourcecode.swift; path = ConversationMarkdown.swift; sourceTree = "<group>"; };
		D49100000000000000000003 /* ConversationMarkdownDocument.swift */ = {isa = PBXFileReference; lastKnownFileType = sourcecode.swift; path = ConversationMarkdownDocument.swift; sourceTree = "<group>"; };
		D49300000000000000000003 /* ConversationMessageLayout.swift */ = {isa = PBXFileReference; lastKnownFileType = sourcecode.swift; path = ConversationMessageLayout.swift; sourceTree = "<group>"; };
		D49200000000000000000003 /* ConversationWorkTranscript.swift */ = {isa = PBXFileReference; lastKnownFileType = sourcecode.swift; path = ConversationWorkTranscript.swift; sourceTree = "<group>"; };
		A12000000000000000000006 /* remote-workspace.sh */ = {isa = PBXFileReference; lastKnownFileType = text.script.sh; path = "../../../scripts/remote-workspace.sh"; sourceTree = "<group>"; };
		A12000000000000000000008 /* remote */ = {isa = PBXFileReference; lastKnownFileType = folder; path = "../../../remote"; sourceTree = "<group>"; };
		A1200000000000000000000A /* harnesses */ = {isa = PBXFileReference; lastKnownFileType = folder; path = "../../../harnesses"; sourceTree = "<group>"; };
		D50000000000000000000009 /* Info.plist */ = {isa = PBXFileReference; lastKnownFileType = text.plist.xml; path = Info.plist; sourceTree = "<group>"; };
		E10000000000000000000002 /* NoteEditor.swift */ = {isa = PBXFileReference; lastKnownFileType = sourcecode.swift; path = NoteEditor.swift; sourceTree = "<group>"; };
		E10100000000000000000002 /* WovenNoteService.swift */ = {isa = PBXFileReference; lastKnownFileType = sourcecode.swift; path = WovenNoteService.swift; sourceTree = "<group>"; };
		F10000000000000000000002 /* AgentDatabases.swift */ = {isa = PBXFileReference; lastKnownFileType = sourcecode.swift; path = AgentDatabases.swift; sourceTree = "<group>"; };
		A13000000000000000000002 /* RemoteWorkspacesModel.swift */ = {isa = PBXFileReference; lastKnownFileType = sourcecode.swift; path = RemoteWorkspacesModel.swift; sourceTree = "<group>"; };
		A13000000000000000000004 /* SettingsRemoteWorkspacesView.swift */ = {isa = PBXFileReference; lastKnownFileType = sourcecode.swift; path = SettingsRemoteWorkspacesView.swift; sourceTree = "<group>"; };
		F10100000000000000000002 /* ArtifactEditor.swift */ = {isa = PBXFileReference; lastKnownFileType = sourcecode.swift; path = ArtifactEditor.swift; sourceTree = "<group>"; };
		F10200000000000000000002 /* DashboardDatabasesView.swift */ = {isa = PBXFileReference; lastKnownFileType = sourcecode.swift; path = DashboardDatabasesView.swift; sourceTree = "<group>"; };
		FC6A850ACFC17DE4433439A7 /* DashboardConversationState.swift */ = {isa = PBXFileReference; lastKnownFileType = sourcecode.swift; path = DashboardConversationState.swift; sourceTree = "<group>"; };
		87BA82494C4524C032235AAF /* DashboardConversationReferencePreview.swift */ = {isa = PBXFileReference; lastKnownFileType = sourcecode.swift; path = DashboardConversationReferencePreview.swift; sourceTree = "<group>"; };
		879D531AEA3583A537B8BE1B /* DashboardNoteDrafts.swift */ = {isa = PBXFileReference; lastKnownFileType = sourcecode.swift; path = DashboardNoteDrafts.swift; sourceTree = "<group>"; };
		890F3602A18AF2215FAC1D3E /* DashboardSidebar.swift */ = {isa = PBXFileReference; lastKnownFileType = sourcecode.swift; path = DashboardSidebar.swift; sourceTree = "<group>"; };
		B5CEADA1DA4AFBF4EFFC2CDC /* DashboardConversation.swift */ = {isa = PBXFileReference; lastKnownFileType = sourcecode.swift; path = DashboardConversation.swift; sourceTree = "<group>"; };
		45C178F10C928BB5DF700830 /* DashboardComposer.swift */ = {isa = PBXFileReference; lastKnownFileType = sourcecode.swift; path = DashboardComposer.swift; sourceTree = "<group>"; };
		52C822631EDF91C6FE39C754 /* DashboardNotePane.swift */ = {isa = PBXFileReference; lastKnownFileType = sourcecode.swift; path = DashboardNotePane.swift; sourceTree = "<group>"; };
		3AB89D5EB3D93F04C3A5CB5E /* DashboardOpenClawCron.swift */ = {isa = PBXFileReference; lastKnownFileType = sourcecode.swift; path = DashboardOpenClawCron.swift; sourceTree = "<group>"; };
		40D1B5DEF1B0023CB8C52B6D /* DashboardSharedViews.swift */ = {isa = PBXFileReference; lastKnownFileType = sourcecode.swift; path = DashboardSharedViews.swift; sourceTree = "<group>"; };
		C04200000000000000000002 /* DashboardConversationPopover.swift */ = {isa = PBXFileReference; lastKnownFileType = sourcecode.swift; path = DashboardConversationPopover.swift; sourceTree = "<group>"; };
		3CE258FB55B3D55A39972D5B /* OpenCodeModel.swift */ = {isa = PBXFileReference; lastKnownFileType = sourcecode.swift; path = OpenCodeModel.swift; sourceTree = "<group>"; };
		97160C827D94B74AFAB2961A /* OpenCodeSettingsView.swift */ = {isa = PBXFileReference; lastKnownFileType = sourcecode.swift; path = OpenCodeSettingsView.swift; sourceTree = "<group>"; };
		D7A74DFD3BA4438CB7357741 /* SettingsHermesView.swift */ = {isa = PBXFileReference; lastKnownFileType = sourcecode.swift; path = SettingsHermesView.swift; sourceTree = "<group>"; };
		E45100000000000000000002 /* DashboardHermesCron.swift */ = {isa = PBXFileReference; lastKnownFileType = sourcecode.swift; path = DashboardHermesCron.swift; sourceTree = "<group>"; };
		502EF864DA314DFBB322C973 /* DashboardLocalSecretCard.swift */ = {isa = PBXFileReference; lastKnownFileType = sourcecode.swift; path = DashboardLocalSecretCard.swift; sourceTree = "<group>"; };
		17AF06D69A7DE73E3F94E40A /* OpenCodeInteractionView.swift */ = {isa = PBXFileReference; lastKnownFileType = sourcecode.swift; path = OpenCodeInteractionView.swift; sourceTree = "<group>"; };
		6F6AFCDD4A429E11B0945492 /* OpenCodeSessionView.swift */ = {isa = PBXFileReference; lastKnownFileType = sourcecode.swift; path = OpenCodeSessionView.swift; sourceTree = "<group>"; };
		207BD966B2624D02B49D50FE /* WovenMatterToolService.swift */ = {isa = PBXFileReference; lastKnownFileType = sourcecode.swift; path = "WovenMatterToolService.swift"; sourceTree = "<group>"; };
		8BC14CE3FCC24BF3819737CB /* wovenmatter */ = {isa = PBXFileReference; lastKnownFileType = text.script.sh; path = "wovenmatter"; sourceTree = "<group>"; };
		20E807F893654CD4A1F24D40 /* WorkspaceAgentToolsModel.swift */ = {isa = PBXFileReference; lastKnownFileType = sourcecode.swift; path = "WorkspaceAgentToolsModel.swift"; sourceTree = "<group>"; };
		D8761929DCF444669E58A75E /* WovenMatterRemoteToolBridge.swift */ = {isa = PBXFileReference; lastKnownFileType = sourcecode.swift; path = "WovenMatterRemoteToolBridge.swift"; sourceTree = "<group>"; };
		3C0A700E6F1C4902ACCF3585 /* wovenmatter-remote.py */ = {isa = PBXFileReference; lastKnownFileType = text.script.python; path = "wovenmatter-remote.py"; sourceTree = "<group>"; };
		F19000000000000000000002 /* DashboardNoteDocumentCache.swift */ = {isa = PBXFileReference; lastKnownFileType = sourcecode.swift; path = DashboardNoteDocumentCache.swift; sourceTree = "<group>"; };
		A14000000000000000000002 /* ApplicationModel+SessionSelections.swift */ = {isa = PBXFileReference; lastKnownFileType = sourcecode.swift; path = "ApplicationModel+SessionSelections.swift"; sourceTree = "<group>"; };
		B88F25850147F01B163EDF7E /* ApplicationModel+Calendar.swift */ = {isa = PBXFileReference; lastKnownFileType = sourcecode.swift; path = "ApplicationModel+Calendar.swift"; sourceTree = "<group>"; };
		7C678F616FB535F772A00598 /* WorkspaceAgentToolsModel+Calendar.swift */ = {isa = PBXFileReference; lastKnownFileType = sourcecode.swift; path = "WorkspaceAgentToolsModel+Calendar.swift"; sourceTree = "<group>"; };
		8AA41DB8B4A4AF41CCC355A1 /* DashboardCalendarEventSheet.swift */ = {isa = PBXFileReference; lastKnownFileType = sourcecode.swift; path = "DashboardCalendarEventSheet.swift"; sourceTree = "<group>"; };
		D6DCB1F7BFAF35416DF437EE /* DashboardCalendarTaskFields.swift */ = {isa = PBXFileReference; lastKnownFileType = sourcecode.swift; path = "DashboardCalendarTaskFields.swift"; sourceTree = "<group>"; };
		C47EAA780000000000000002 /* DashboardCalendarFormControls.swift */ = {isa = PBXFileReference; lastKnownFileType = sourcecode.swift; path = "DashboardCalendarFormControls.swift"; sourceTree = "<group>"; };
		C47EAA780000000000000004 /* DashboardCalendarColors.swift */ = {isa = PBXFileReference; lastKnownFileType = sourcecode.swift; path = "DashboardCalendarColors.swift"; sourceTree = "<group>"; };
		E1A63205C0811CE6DBAD590C /* BackendApplicationService.swift */ = {isa = PBXFileReference; lastKnownFileType = sourcecode.swift; path = "BackendApplicationService.swift"; sourceTree = "<group>"; };
		35A700A1F4344E51450A9C54 /* BackendWorkspaceMutations.swift */ = {isa = PBXFileReference; lastKnownFileType = sourcecode.swift; path = "BackendWorkspaceMutations.swift"; sourceTree = "<group>"; };
		D84D7A0E10812D5E772A19B5 /* BackendToolsService.swift */ = {isa = PBXFileReference; lastKnownFileType = sourcecode.swift; path = "BackendToolsService.swift"; sourceTree = "<group>"; };
		A176B05B2AE0D773B0C59957 /* BackendRuntimeService.swift */ = {isa = PBXFileReference; lastKnownFileType = sourcecode.swift; path = "BackendRuntimeService.swift"; sourceTree = "<group>"; };
		C976B05B2AE0D773B0C59957 /* BackendCronService.swift */ = {isa = PBXFileReference; lastKnownFileType = sourcecode.swift; path = "BackendCronService.swift"; sourceTree = "<group>"; };
		D976B05B2AE0D773B0C59957 /* BackendWorkspaceServices.swift */ = {isa = PBXFileReference; lastKnownFileType = sourcecode.swift; path = "BackendWorkspaceServices.swift"; sourceTree = "<group>"; };
		DD21F9E9ECE4C0B47F05B64B /* BackendRemoteWorkspaceService.swift */ = {isa = PBXFileReference; lastKnownFileType = sourcecode.swift; path = "BackendRemoteWorkspaceService.swift"; sourceTree = "<group>"; };
		296D14690B191EF43D51603C /* BackendConnectionsService.swift */ = {isa = PBXFileReference; lastKnownFileType = sourcecode.swift; path = "BackendConnectionsService.swift"; sourceTree = "<group>"; };
		CBCBD600AB92468988000002 /* BackendSpeechService.swift */ = {isa = PBXFileReference; lastKnownFileType = sourcecode.swift; path = "BackendSpeechService.swift"; sourceTree = "<group>"; };
		753DF034EE6D727B6091929D /* BackendLibraryService.swift */ = {isa = PBXFileReference; lastKnownFileType = sourcecode.swift; path = "BackendLibraryService.swift"; sourceTree = "<group>"; };
/* End PBXFileReference section */

/* Begin PBXFrameworksBuildPhase section */
		239FD586A9CC30792201F9E9 /* Frameworks */ = {
			isa = PBXFrameworksBuildPhase;
			buildActionMask = 2147483647;
			files = (
				0C11E0000000000000000001 /* WovenMatterClient in Frameworks */,
				D46000000000000000000002 /* WovenMatterDashboardStore in Frameworks */,
			);
			runOnlyForDeploymentPostprocessing = 0;
		};
/* End PBXFrameworksBuildPhase section */

/* Begin PBXGroup section */
		21F401DAE658C232D88E944F /* Packages */ = {
			isa = PBXGroup;
			children = (
				DBB4B07F8994DA5A755EAF99 /* wovenmatter-macos */,
			);
			name = Packages;
			sourceTree = "<group>";
		};
		614FCD38F579029AF08B9221 = {
			isa = PBXGroup;
			children = (
				C67C8CBF1B7E40CA0F37A274 /* App */,
				21F401DAE658C232D88E944F /* Packages */,
				9959D7D4FDC4FD024F490589 /* Products */,
			);
			sourceTree = "<group>";
		};
		9959D7D4FDC4FD024F490589 /* Products */ = {
			isa = PBXGroup;
			children = (
				37C9459F43D4462FD229B6B1 /* WovenMatter.app */,
			);
			name = Products;
			sourceTree = "<group>";
		};
		C67C8CBF1B7E40CA0F37A274 /* App */ = {
			isa = PBXGroup;
			children = (
				A11C00000000000000000002 /* Assets.xcassets */,
				5A0B27571F91CCF38534BB90 /* ApplicationModel.swift */,
				D50000000000000000000009 /* Info.plist */,
				624CEC46A7441DADEBBCE79E /* WovenMatterApp.swift */,
				AA1900000000000000000002 /* WovenMatterLifecycleDelegate.swift */,
				D49100000000000000000004 /* Models */,
				D50000000000000000000007 /* Resources */,
				D50000000000000000000008 /* Services */,
				D0E0A91C0032120E4CDF1388 /* Views */,
			);
			path = App;
			sourceTree = "<group>";
		};
		D49100000000000000000004 /* Models */ = {
			isa = PBXGroup;
			children = (
				7E4AE75EDB3C1EE9E7043F59 /* DictationModel.swift */,
				DA2000000000000000000001 /* DefaultAgentSettingsModel.swift */,
				A14000000000000000000002 /* ApplicationModel+SessionSelections.swift */,
				3CE258FB55B3D55A39972D5B /* OpenCodeModel.swift */,
				D472AB9160464F1FAB826C11 /* ApplicationModel+AgentTools.swift */,
				E1A63205C0811CE6DBAD590C /* BackendApplicationService.swift */,
				35A700A1F4344E51450A9C54 /* BackendWorkspaceMutations.swift */,
				D84D7A0E10812D5E772A19B5 /* BackendToolsService.swift */,
				F178B05B2AE0D773B0C59957 /* BackendOpenCodeService.swift */,
				A176B05B2AE0D773B0C59957 /* BackendRuntimeService.swift */,
				C976B05B2AE0D773B0C59957 /* BackendCronService.swift */,
				D976B05B2AE0D773B0C59957 /* BackendWorkspaceServices.swift */,
				DD21F9E9ECE4C0B47F05B64B /* BackendRemoteWorkspaceService.swift */,
				296D14690B191EF43D51603C /* BackendConnectionsService.swift */,
				CBCBD600AB92468988000002 /* BackendSpeechService.swift */,
				753DF034EE6D727B6091929D /* BackendLibraryService.swift */,
				B88F25850147F01B163EDF7E /* ApplicationModel+Calendar.swift */,
				20E807F893654CD4A1F24D40 /* WorkspaceAgentToolsModel.swift */,
				7C678F616FB535F772A00598 /* WorkspaceAgentToolsModel+Calendar.swift */,
				A71B00000000000000000102 /* LibraryModel.swift */,
				87BA82494C4524C032235AAF /* DashboardConversationReferencePreview.swift */,
				C06300000000000000000002 /* ApplicationUsageModel.swift */,
				FC6A850ACFC17DE4433439A7 /* DashboardConversationState.swift */,
				F10000000000000000000002 /* AgentDatabases.swift */,
				A13000000000000000000002 /* RemoteWorkspacesModel.swift */,
				D49100000000000000000003 /* ConversationMarkdownDocument.swift */,
				D49300000000000000000003 /* ConversationMessageLayout.swift */,
			);
			path = Models;
			sourceTree = "<group>";
		};
		D0E0A91C0032120E4CDF1388 /* Views */ = {
			isa = PBXGroup;
			children = (
				BA61B1265D88D38A1D708C78 /* LocalModelServerConnections.swift */,
				4D25E89AA1F9ECDB61C4EDEF /* SettingsConnectionsView.swift */,
				E8A44EB04E09581B6A85026F /* DictationControls.swift */,
				DA2000000000000000000003 /* SettingsDefaultAgentView.swift */,
				6F6AFCDD4A429E11B0945492 /* OpenCodeSessionView.swift */,
				17AF06D69A7DE73E3F94E40A /* OpenCodeInteractionView.swift */,
				97160C827D94B74AFAB2961A /* OpenCodeSettingsView.swift */,
				D7A74DFD3BA4438CB7357741 /* SettingsHermesView.swift */,
				E45100000000000000000002 /* DashboardHermesCron.swift */,
				502EF864DA314DFBB322C973 /* DashboardLocalSecretCard.swift */,
				40D1B5DEF1B0023CB8C52B6D /* DashboardSharedViews.swift */,
				C04200000000000000000002 /* DashboardConversationPopover.swift */,
				3AB89D5EB3D93F04C3A5CB5E /* DashboardOpenClawCron.swift */,
				52C822631EDF91C6FE39C754 /* DashboardNotePane.swift */,
				45C178F10C928BB5DF700830 /* DashboardComposer.swift */,
				B5CEADA1DA4AFBF4EFFC2CDC /* DashboardConversation.swift */,
				890F3602A18AF2215FAC1D3E /* DashboardSidebar.swift */,
				DC0A00000000000000000002 /* DashboardComposerTextEditor.swift */,
				F10100000000000000000002 /* ArtifactEditor.swift */,
				F10200000000000000000002 /* DashboardDatabasesView.swift */,
				E10000000000000000000002 /* NoteEditor.swift */,
				D49000000000000000000003 /* ConversationMarkdown.swift */,
				D49200000000000000000003 /* ConversationWorkTranscript.swift */,
				D45300000000000000000002 /* DashboardCalendarView.swift */,
				D6DCB1F7BFAF35416DF437EE /* DashboardCalendarTaskFields.swift */,
				C47EAA780000000000000002 /* DashboardCalendarFormControls.swift */,
				C47EAA780000000000000004 /* DashboardCalendarColors.swift */,
				8AA41DB8B4A4AF41CCC355A1 /* DashboardCalendarEventSheet.swift */,
				A71B00000000000000000002 /* DashboardLibraryView.swift */,
				D45400000000000000000002 /* DashboardUsageView.swift */,
				D45100000000000000000002 /* DashboardDesign.swift */,
				A11C00000000000000000004 /* WorkspaceView.swift */,
				489A29D04369BF898400D045 /* RootView.swift */,
				0C1A00000000000000000002 /* OpenClawGatewaySettingsView.swift */,
				0C1A00000000000000000004 /* OpenClawSessionView.swift */,
				C49C2130B0B0B01A795C7504 /* SettingsView.swift */,
				5E7A00000000000000000002 /* SettingsComponents.swift */,
				D472AB9160464F1FAB826C31 /* WorkspaceSessionActivity.swift */,
				D472AB9160464F1FAB826C41 /* WorkspaceSessionManagement.swift */,
				D472AB9160464F1FAB826C51 /* WorkspaceNoteRecovery.swift */,
				D472AB9160464F1FAB826C21 /* WorkspaceToolControls.swift */,
				5E7A00000000000000000004 /* SettingsGeneralView.swift */,
				5E7A00000000000000000006 /* SettingsOpenClawView.swift */,
				5E7A00000000000000000008 /* SettingsLocalWorkspaceView.swift */,
				A13000000000000000000004 /* SettingsRemoteWorkspacesView.swift */,
				5E7A0000000000000000000C /* SettingsBuzzWorkspacesView.swift */,
				5E7A0000000000000000000E /* SettingsUsageView.swift */,
			);
			path = Views;
			sourceTree = "<group>";
		};
		D50000000000000000000007 /* Resources */ = {
			isa = PBXGroup;
			children = (
				A12000000000000000000006 /* remote-workspace.sh */,
				A12000000000000000000008 /* remote */,
				A1200000000000000000000A /* harnesses */,
				3C0A700E6F1C4902ACCF3585 /* wovenmatter-remote.py */,
				8BC14CE3FCC24BF3819737CB /* wovenmatter */,
			);
			path = Resources;
			sourceTree = "<group>";
		};
		D50000000000000000000008 /* Services */ = {
			isa = PBXGroup;
			children = (
				851DA88EE3B3AF907B5AB390 /* DictationAudioCapture.swift */,
				FCBB65211C7015A6B8158E80 /* DictationEditor.swift */,
				879D531AEA3583A537B8BE1B /* DashboardNoteDrafts.swift */,
				F19000000000000000000002 /* DashboardNoteDocumentCache.swift */,
				E10100000000000000000002 /* WovenNoteService.swift */,
				D8761929DCF444669E58A75E /* WovenMatterRemoteToolBridge.swift */,
				207BD966B2624D02B49D50FE /* WovenMatterToolService.swift */,
			);
			path = Services;
			sourceTree = "<group>";
		};
/* End PBXGroup section */

/* Begin PBXNativeTarget section */
		C3E9E7E7F43A9FF83FA1DB63 /* WovenMatter */ = {
			isa = PBXNativeTarget;
			buildConfigurationList = DCA24CAEC4959697918945B6 /* Build configuration list for PBXNativeTarget "WovenMatter" */;
			buildPhases = (
				6214AC3EA07FDB2A111C07EA /* Sources */,
				19757368FADFAA1B53E2802A /* Resources */,
				239FD586A9CC30792201F9E9 /* Frameworks */,
				DADA3FC513A8916F33AA46F4 /* Trim bundle resources before signing */,
			);
			buildRules = (
			);
			dependencies = (
			);
			name = WovenMatter;
			packageProductDependencies = (
				0C11E0000000000000000004 /* WovenMatterClient */,
				D46000000000000000000001 /* WovenMatterDashboardStore */,
			);
			productName = WovenMatter;
			productReference = 37C9459F43D4462FD229B6B1 /* WovenMatter.app */;
			productType = "com.apple.product-type.application";
		};
/* End PBXNativeTarget section */

/* Begin PBXProject section */
		01308825FA357DD758C18D1F /* Project object */ = {
			isa = PBXProject;
			attributes = {
				BuildIndependentTargetsInParallel = YES;
				LastUpgradeCheck = 2700;
				TargetAttributes = {
					C3E9E7E7F43A9FF83FA1DB63 = {
						DevelopmentTeam = "";
					};
				};
			};
			buildConfigurationList = 7B7C314CA45D78F76278D126 /* Build configuration list for PBXProject "WovenMatter" */;
			developmentRegion = en;
			hasScannedForEncodings = 0;
			knownRegions = (
				Base,
				en,
			);
			mainGroup = 614FCD38F579029AF08B9221;
			minimizedProjectReferenceProxies = 1;
			packageReferences = (
				03A429A1CC1E3FDB9062F0AE /* XCLocalSwiftPackageReference "." */,
			);
			preferredProjectObjectVersion = 77;
			productRefGroup = 9959D7D4FDC4FD024F490589 /* Products */;
			projectDirPath = "";
			projectRoot = "";
			targets = (
				C3E9E7E7F43A9FF83FA1DB63 /* WovenMatter */,
			);
		};
/* End PBXProject section */

/* Begin PBXResourcesBuildPhase section */
		19757368FADFAA1B53E2802A /* Resources */ = {
			isa = PBXResourcesBuildPhase;
			buildActionMask = 2147483647;
			files = (
				A12000000000000000000005 /* remote-workspace.sh in Resources */,
				A12000000000000000000007 /* remote in Resources */,
				A12000000000000000000009 /* harnesses in Resources */,
				1A239171AFDF4F0AA55642C4 /* wovenmatter-remote.py in Resources */,
				03644CA683A4476385B50640 /* wovenmatter in Resources */,
				A11C00000000000000000001 /* Assets.xcassets in Resources */,
			);
			runOnlyForDeploymentPostprocessing = 0;
		};
/* End PBXResourcesBuildPhase section */

/* Begin PBXShellScriptBuildPhase section */
		DADA3FC513A8916F33AA46F4 /* Trim bundle resources before signing */ = {
			isa = PBXShellScriptBuildPhase;
			alwaysOutOfDate = 1;
			buildActionMask = 2147483647;
			files = (
			);
			inputFileListPaths = (
			);
			inputPaths = (
				"$(TARGET_BUILD_DIR)/$(EXECUTABLE_PATH)",
				"$(TARGET_BUILD_DIR)/$(UNLOCALIZED_RESOURCES_FOLDER_PATH)",
			);
			name = "Trim bundle resources before signing";
			outputFileListPaths = (
			);
			outputPaths = (
				"$(DERIVED_FILE_DIR)/bundle-metadata-cleaned.stamp",
			);
			runOnlyForDeploymentPostprocessing = 0;
			shellPath = /bin/sh;
			shellScript = "set -eu\n\"${SRCROOT}/../scripts/prepare-default-agent.sh\" \"${TARGET_BUILD_DIR}/${UNLOCALIZED_RESOURCES_FOLDER_PATH}/default-agent\"\n/usr/bin/xattr -cr \"${TARGET_BUILD_DIR}/${WRAPPER_NAME}\"\n/bin/rm -rf \"${TARGET_BUILD_DIR}/${UNLOCALIZED_RESOURCES_FOLDER_PATH}/remote/test\"\n/bin/rm -f \"${TARGET_BUILD_DIR}/${UNLOCALIZED_RESOURCES_FOLDER_PATH}/remote/.env.example\" \"${TARGET_BUILD_DIR}/${UNLOCALIZED_RESOURCES_FOLDER_PATH}/remote/compose.yaml\"\ntouch \"${DERIVED_FILE_DIR}/bundle-metadata-cleaned.stamp\"\n";
		};
/* End PBXShellScriptBuildPhase section */

/* Begin PBXSourcesBuildPhase section */
		6214AC3EA07FDB2A111C07EA /* Sources */ = {
			isa = PBXSourcesBuildPhase;
			buildActionMask = 2147483647;
			files = (
				0890236A7DEEC4A26AB512AB /* DictationModel.swift in Sources */,
				E95F4392C674DA52368A05A6 /* DictationAudioCapture.swift in Sources */,
				B93AB31EDDA3C1A9D35A791B /* DictationEditor.swift in Sources */,
				C0DBB095B3E36A01B19862F1 /* LocalModelServerConnections.swift in Sources */,
				5C2F6DF3B2A02B37BECD38D0 /* SettingsConnectionsView.swift in Sources */,
				8BD4FF831500CD09DE10FC28 /* DictationControls.swift in Sources */,
				DA2000000000000000000004 /* SettingsDefaultAgentView.swift in Sources */,
				DA2000000000000000000002 /* DefaultAgentSettingsModel.swift in Sources */,
				46E81C4CE9571D1C715098CA /* OpenCodeSessionView.swift in Sources */,
				8B47C81B917AA853D87FB56A /* OpenCodeInteractionView.swift in Sources */,
				E86083BC811D526E0900522B /* OpenCodeSettingsView.swift in Sources */,
				BA480090AAD04BE7A8327211 /* SettingsHermesView.swift in Sources */,
				E45100000000000000000001 /* DashboardHermesCron.swift in Sources */,
				ECBF462874DF484F9FDD5C91 /* DashboardLocalSecretCard.swift in Sources */,
				A14000000000000000000001 /* ApplicationModel+SessionSelections.swift in Sources */,
				4C606D43824083BD3A612FF1 /* OpenCodeModel.swift in Sources */,
				923D138C1F54FC887AA90493 /* DashboardSharedViews.swift in Sources */,
				C04200000000000000000001 /* DashboardConversationPopover.swift in Sources */,
				BAAE9A1BC06C8AC78E67AA1B /* DashboardOpenClawCron.swift in Sources */,
				2350EC32F0F50FD3DB4069F3 /* DashboardNotePane.swift in Sources */,
				FE8DA980F8CFABCB8AAB3893 /* DashboardComposer.swift in Sources */,
				E8E4FA74C6587F81C8999942 /* DashboardConversation.swift in Sources */,
				97B76EB8D620C6E620196AC8 /* DashboardSidebar.swift in Sources */,
				8443106E4E46FD4C315E128F /* DashboardNoteDrafts.swift in Sources */,
				F19000000000000000000001 /* DashboardNoteDocumentCache.swift in Sources */,
				2A71A302AFFA410CB30E65F3 /* DashboardConversationReferencePreview.swift in Sources */,
				C06300000000000000000001 /* ApplicationUsageModel.swift in Sources */,
				ADB35226B01C45F520411F2C /* DashboardConversationState.swift in Sources */,
				DC0A00000000000000000001 /* DashboardComposerTextEditor.swift in Sources */,
				F10000000000000000000001 /* AgentDatabases.swift in Sources */,
				A13000000000000000000001 /* RemoteWorkspacesModel.swift in Sources */,
				A13000000000000000000003 /* SettingsRemoteWorkspacesView.swift in Sources */,
				F10100000000000000000001 /* ArtifactEditor.swift in Sources */,
				F10200000000000000000001 /* DashboardDatabasesView.swift in Sources */,
				D472AB9160464F1FAB826C12 /* ApplicationModel+AgentTools.swift in Sources */,
				CE19449AB0FFF6A1E12E4D48 /* BackendApplicationService.swift in Sources */,
				B6231CA12C591F524524199B /* BackendWorkspaceMutations.swift in Sources */,
				A7DC09137B7808A179245C1D /* BackendToolsService.swift in Sources */,
				F2F8DB61A6E248D0FCD77382 /* BackendOpenCodeService.swift in Sources */,
				B2F8DB61A6E248D0FCD77382 /* BackendRuntimeService.swift in Sources */,
				C83FDB61A6E248D0FCD77382 /* BackendCronService.swift in Sources */,
				D83FDB61A6E248D0FCD77382 /* BackendWorkspaceServices.swift in Sources */,
				418BBA8DFF633653485A4615 /* BackendRemoteWorkspaceService.swift in Sources */,
				4ECDD63540C793A047BDD9CC /* BackendConnectionsService.swift in Sources */,
				CBCBD600AB92468988000001 /* BackendSpeechService.swift in Sources */,
				281F6DF22C3AE19CCE3FC99D /* BackendLibraryService.swift in Sources */,
				A13EC094A3DEA4F302868640 /* ApplicationModel+Calendar.swift in Sources */,
				5C84BF439B9047118002DD70 /* WorkspaceAgentToolsModel.swift in Sources */,
				E9A58E7B05C5C2726FA4EE82 /* WorkspaceAgentToolsModel+Calendar.swift in Sources */,
				A71B00000000000000000101 /* LibraryModel.swift in Sources */,
				E10100000000000000000001 /* WovenNoteService.swift in Sources */,
				0D0C4EE8248E4F63A87CF7B4 /* WovenMatterRemoteToolBridge.swift in Sources */,
				A76B232332644C4E91ECB1DC /* WovenMatterToolService.swift in Sources */,
				E10000000000000000000001 /* NoteEditor.swift in Sources */,
				49BB9C77C988D34AA1B69E70 /* ApplicationModel.swift in Sources */,
				D49000000000000000000001 /* ConversationMarkdown.swift in Sources */,
				D49100000000000000000001 /* ConversationMarkdownDocument.swift in Sources */,
				D49300000000000000000001 /* ConversationMessageLayout.swift in Sources */,
				D49200000000000000000001 /* ConversationWorkTranscript.swift in Sources */,
				D45300000000000000000001 /* DashboardCalendarView.swift in Sources */,
				22101ADAF84DA8CEE85A4AB8 /* DashboardCalendarTaskFields.swift in Sources */,
				C47EAA780000000000000001 /* DashboardCalendarFormControls.swift in Sources */,
				C47EAA780000000000000003 /* DashboardCalendarColors.swift in Sources */,
				F4743517D41721ACB550EE94 /* DashboardCalendarEventSheet.swift in Sources */,
				A71B00000000000000000001 /* DashboardLibraryView.swift in Sources */,
				D45400000000000000000001 /* DashboardUsageView.swift in Sources */,
				D45100000000000000000001 /* DashboardDesign.swift in Sources */,
				A11C00000000000000000003 /* WorkspaceView.swift in Sources */,
				5E64711B441F5A188A2862AC /* RootView.swift in Sources */,
				073565BA0B01598641B11348 /* SettingsView.swift in Sources */,
				0C1A00000000000000000001 /* OpenClawGatewaySettingsView.swift in Sources */,
				0C1A00000000000000000003 /* OpenClawSessionView.swift in Sources */,
				5E7A00000000000000000001 /* SettingsComponents.swift in Sources */,
				D472AB9160464F1FAB826C32 /* WorkspaceSessionActivity.swift in Sources */,
				D472AB9160464F1FAB826C42 /* WorkspaceSessionManagement.swift in Sources */,
				D472AB9160464F1FAB826C52 /* WorkspaceNoteRecovery.swift in Sources */,
				D472AB9160464F1FAB826C22 /* WorkspaceToolControls.swift in Sources */,
				5E7A00000000000000000003 /* SettingsGeneralView.swift in Sources */,
				5E7A00000000000000000005 /* SettingsOpenClawView.swift in Sources */,
				5E7A00000000000000000007 /* SettingsLocalWorkspaceView.swift in Sources */,
				5E7A0000000000000000000B /* SettingsBuzzWorkspacesView.swift in Sources */,
				5E7A0000000000000000000D /* SettingsUsageView.swift in Sources */,
				5AECF7B494583F056FBE596C /* WovenMatterApp.swift in Sources */,
				AA1900000000000000000001 /* WovenMatterLifecycleDelegate.swift in Sources */,
			);
			runOnlyForDeploymentPostprocessing = 0;
		};
/* End PBXSourcesBuildPhase section */

/* Begin XCBuildConfiguration section */
		AAF9E2A637B256FBD0957737 /* Release */ = {
			isa = XCBuildConfiguration;
			buildSettings = {
				ASSETCATALOG_COMPILER_APPICON_NAME = AppIcon;
				CODE_SIGN_ENTITLEMENTS = App/WovenMatter.entitlements;
				COMBINE_HIDPI_IMAGES = YES;
				CURRENT_PROJECT_VERSION = 1;
				DEFINES_MODULE = YES;
				ENABLE_HARDENED_RUNTIME = YES;
				ENABLE_USER_SCRIPT_SANDBOXING = NO;
				GENERATE_INFOPLIST_FILE = YES;
				INFOPLIST_KEY_CFBundleDisplayName = "Woven Matter";
				INFOPLIST_KEY_LSApplicationCategoryType = "public.app-category.developer-tools";
				INFOPLIST_KEY_NSHumanReadableCopyright = "Copyright Woven Matter";
				INFOPLIST_KEY_NSPrincipalClass = NSApplication;
				LD_RUNPATH_SEARCH_PATHS = (
					"$(inherited)",
					"@executable_path/../Frameworks",
				);
				INFOPLIST_FILE = App/Info.plist;
				INFOPLIST_KEY_WovenMatterSourceRevision = "$(WOVENMATTER_SOURCE_REVISION)";
				MARKETING_VERSION = 0.1.0;
				PRODUCT_BUNDLE_IDENTIFIER = wovenmatter.desktop;
				PRODUCT_MODULE_NAME = WovenMatter;
				PRODUCT_NAME = "Woven Matter";
				SDKROOT = macosx;
			};
			name = Release;
		};
		D3D231F1BDF4B1791E2AEAA7 /* Debug */ = {
			isa = XCBuildConfiguration;
			buildSettings = {
				ASSETCATALOG_COMPILER_APPICON_NAME = AppIconDev;
				CODE_SIGN_ENTITLEMENTS = App/WovenMatter.entitlements;
				COMBINE_HIDPI_IMAGES = YES;
				CURRENT_PROJECT_VERSION = 1;
				DEFINES_MODULE = YES;
				ENABLE_HARDENED_RUNTIME = YES;
				ENABLE_USER_SCRIPT_SANDBOXING = NO;
				GENERATE_INFOPLIST_FILE = YES;
				INFOPLIST_FILE = App/Info.plist;
				INFOPLIST_KEY_CFBundleDisplayName = "Woven Matter Dev";
				INFOPLIST_KEY_LSApplicationCategoryType = "public.app-category.developer-tools";
				INFOPLIST_KEY_NSHumanReadableCopyright = "Copyright Woven Matter";
				INFOPLIST_KEY_NSPrincipalClass = NSApplication;
				LD_RUNPATH_SEARCH_PATHS = (
					"$(inherited)",
					"@executable_path/../Frameworks",
				);
				MARKETING_VERSION = 0.1.0;
				WOVENMATTER_DEV_BUNDLE_ID = wovenmatter.desktop.dev;
				PRODUCT_BUNDLE_IDENTIFIER = "$(WOVENMATTER_DEV_BUNDLE_ID)";
				PRODUCT_MODULE_NAME = WovenMatter;
				WOVENMATTER_DEV_PRODUCT_NAME = "Woven Matter Dev";
				PRODUCT_NAME = "$(WOVENMATTER_DEV_PRODUCT_NAME)";
				SDKROOT = macosx;
				SWIFT_ACTIVE_COMPILATION_CONDITIONS = DEBUG;
			};
			name = Debug;
		};
		D792BB35A1FAC918C79C50F0 /* Debug */ = {
			isa = XCBuildConfiguration;
			buildSettings = {
				ALWAYS_SEARCH_USER_PATHS = NO;
				CLANG_ANALYZER_NONNULL = YES;
				CLANG_ANALYZER_NUMBER_OBJECT_CONVERSION = YES_AGGRESSIVE;
				CLANG_CXX_LANGUAGE_STANDARD = "gnu++14";
				CLANG_CXX_LIBRARY = "libc++";
				CLANG_ENABLE_MODULES = YES;
				CLANG_ENABLE_OBJC_ARC = YES;
				CLANG_ENABLE_OBJC_WEAK = YES;
				CLANG_WARN_BLOCK_CAPTURE_AUTORELEASING = YES;
				CLANG_WARN_BOOL_CONVERSION = YES;
				CLANG_WARN_COMMA = YES;
				CLANG_WARN_CONSTANT_CONVERSION = YES;
				CLANG_WARN_DEPRECATED_OBJC_IMPLEMENTATIONS = YES;
				CLANG_WARN_DIRECT_OBJC_ISA_USAGE = YES_ERROR;
				CLANG_WARN_DOCUMENTATION_COMMENTS = YES;
				CLANG_WARN_EMPTY_BODY = YES;
				CLANG_WARN_ENUM_CONVERSION = YES;
				CLANG_WARN_INFINITE_RECURSION = YES;
				CLANG_WARN_INT_CONVERSION = YES;
				CLANG_WARN_NON_LITERAL_NULL_CONVERSION = YES;
				CLANG_WARN_OBJC_IMPLICIT_RETAIN_SELF = YES;
				CLANG_WARN_OBJC_LITERAL_CONVERSION = YES;
				CLANG_WARN_OBJC_ROOT_CLASS = YES_ERROR;
				CLANG_WARN_QUOTED_INCLUDE_IN_FRAMEWORK_HEADER = YES;
				CLANG_WARN_RANGE_LOOP_ANALYSIS = YES;
				CLANG_WARN_STRICT_PROTOTYPES = YES;
				CLANG_WARN_SUSPICIOUS_MOVE = YES;
				CLANG_WARN_UNGUARDED_AVAILABILITY = YES_AGGRESSIVE;
				CLANG_WARN_UNREACHABLE_CODE = YES;
				CLANG_WARN__DUPLICATE_METHOD_MATCH = YES;
				COPY_PHASE_STRIP = NO;
				DEBUG_INFORMATION_FORMAT = dwarf;
				DEVELOPMENT_TEAM = "";
				ENABLE_STRICT_OBJC_MSGSEND = YES;
				ENABLE_TESTABILITY = YES;
				ENABLE_USER_SCRIPT_SANDBOXING = YES;
				GCC_C_LANGUAGE_STANDARD = gnu11;
				GCC_DYNAMIC_NO_PIC = NO;
				GCC_NO_COMMON_BLOCKS = YES;
				GCC_OPTIMIZATION_LEVEL = 0;
				GCC_PREPROCESSOR_DEFINITIONS = (
					"$(inherited)",
					"DEBUG=1",
				);
				GCC_WARN_64_TO_32_BIT_CONVERSION = YES;
				GCC_WARN_ABOUT_RETURN_TYPE = YES_ERROR;
				GCC_WARN_UNDECLARED_SELECTOR = YES;
				GCC_WARN_UNINITIALIZED_AUTOS = YES_AGGRESSIVE;
				GCC_WARN_UNUSED_FUNCTION = YES;
				GCC_WARN_UNUSED_VARIABLE = YES;
				MACOSX_DEPLOYMENT_TARGET = 26.0;
				MTL_ENABLE_DEBUG_INFO = INCLUDE_SOURCE;
				MTL_FAST_MATH = YES;
				ONLY_ACTIVE_ARCH = YES;
				PRODUCT_NAME = "$(TARGET_NAME)";
				SDKROOT = macosx;
				SWIFT_ACTIVE_COMPILATION_CONDITIONS = DEBUG;
				SWIFT_OPTIMIZATION_LEVEL = "-Onone";
				SWIFT_VERSION = 6.0;
			};
			name = Debug;
		};
		F15C7CABEEC545675A91EBC3 /* Release */ = {
			isa = XCBuildConfiguration;
			buildSettings = {
				ALWAYS_SEARCH_USER_PATHS = NO;
				CLANG_ANALYZER_NONNULL = YES;
				CLANG_ANALYZER_NUMBER_OBJECT_CONVERSION = YES_AGGRESSIVE;
				CLANG_CXX_LANGUAGE_STANDARD = "gnu++14";
				CLANG_CXX_LIBRARY = "libc++";
				CLANG_ENABLE_MODULES = YES;
				CLANG_ENABLE_OBJC_ARC = YES;
				CLANG_ENABLE_OBJC_WEAK = YES;
				CLANG_WARN_BLOCK_CAPTURE_AUTORELEASING = YES;
				CLANG_WARN_BOOL_CONVERSION = YES;
				CLANG_WARN_COMMA = YES;
				CLANG_WARN_CONSTANT_CONVERSION = YES;
				CLANG_WARN_DEPRECATED_OBJC_IMPLEMENTATIONS = YES;
				CLANG_WARN_DIRECT_OBJC_ISA_USAGE = YES_ERROR;
				CLANG_WARN_DOCUMENTATION_COMMENTS = YES;
				CLANG_WARN_EMPTY_BODY = YES;
				CLANG_WARN_ENUM_CONVERSION = YES;
				CLANG_WARN_INFINITE_RECURSION = YES;
				CLANG_WARN_INT_CONVERSION = YES;
				CLANG_WARN_NON_LITERAL_NULL_CONVERSION = YES;
				CLANG_WARN_OBJC_IMPLICIT_RETAIN_SELF = YES;
				CLANG_WARN_OBJC_LITERAL_CONVERSION = YES;
				CLANG_WARN_OBJC_ROOT_CLASS = YES_ERROR;
				CLANG_WARN_QUOTED_INCLUDE_IN_FRAMEWORK_HEADER = YES;
				CLANG_WARN_RANGE_LOOP_ANALYSIS = YES;
				CLANG_WARN_STRICT_PROTOTYPES = YES;
				CLANG_WARN_SUSPICIOUS_MOVE = YES;
				CLANG_WARN_UNGUARDED_AVAILABILITY = YES_AGGRESSIVE;
				CLANG_WARN_UNREACHABLE_CODE = YES;
				CLANG_WARN__DUPLICATE_METHOD_MATCH = YES;
				COPY_PHASE_STRIP = NO;
				DEBUG_INFORMATION_FORMAT = "dwarf-with-dsym";
				DEVELOPMENT_TEAM = "";
				ENABLE_NS_ASSERTIONS = NO;
				ENABLE_STRICT_OBJC_MSGSEND = YES;
				ENABLE_USER_SCRIPT_SANDBOXING = YES;
				GCC_C_LANGUAGE_STANDARD = gnu11;
				GCC_NO_COMMON_BLOCKS = YES;
				GCC_WARN_64_TO_32_BIT_CONVERSION = YES;
				GCC_WARN_ABOUT_RETURN_TYPE = YES_ERROR;
				GCC_WARN_UNDECLARED_SELECTOR = YES;
				GCC_WARN_UNINITIALIZED_AUTOS = YES_AGGRESSIVE;
				GCC_WARN_UNUSED_FUNCTION = YES;
				GCC_WARN_UNUSED_VARIABLE = YES;
				MACOSX_DEPLOYMENT_TARGET = 26.0;
				MTL_ENABLE_DEBUG_INFO = NO;
				MTL_FAST_MATH = YES;
				PRODUCT_NAME = "$(TARGET_NAME)";
				SDKROOT = macosx;
				SWIFT_COMPILATION_MODE = wholemodule;
				SWIFT_OPTIMIZATION_LEVEL = "-O";
				SWIFT_VERSION = 6.0;
			};
			name = Release;
		};
/* End XCBuildConfiguration section */

/* Begin XCConfigurationList section */
		7B7C314CA45D78F76278D126 /* Build configuration list for PBXProject "WovenMatter" */ = {
			isa = XCConfigurationList;
			buildConfigurations = (
				D792BB35A1FAC918C79C50F0 /* Debug */,
				F15C7CABEEC545675A91EBC3 /* Release */,
			);
			defaultConfigurationIsVisible = 0;
			defaultConfigurationName = Debug;
		};
		DCA24CAEC4959697918945B6 /* Build configuration list for PBXNativeTarget "WovenMatter" */ = {
			isa = XCConfigurationList;
			buildConfigurations = (
				D3D231F1BDF4B1791E2AEAA7 /* Debug */,
				AAF9E2A637B256FBD0957737 /* Release */,
			);
			defaultConfigurationIsVisible = 0;
			defaultConfigurationName = Debug;
		};
/* End XCConfigurationList section */

/* Begin XCLocalSwiftPackageReference section */
		03A429A1CC1E3FDB9062F0AE /* XCLocalSwiftPackageReference "." */ = {
			isa = XCLocalSwiftPackageReference;
			relativePath = .;
		};
/* End XCLocalSwiftPackageReference section */


/* Begin XCSwiftPackageProductDependency section */
		0C11E0000000000000000004 /* WovenMatterClient */ = {
			isa = XCSwiftPackageProductDependency;
			productName = WovenMatterClient;
		};
		D46000000000000000000001 /* WovenMatterDashboardStore */ = {
			isa = XCSwiftPackageProductDependency;
			productName = WovenMatterDashboardStore;
		};
/* End XCSwiftPackageProductDependency section */
	};
	rootObject = 01308825FA357DD758C18D1F /* Project object */;
}
